
Microsoft Visual Studio Solution File, Format Version 12.00
# Visual Studio Version 16
VisualStudioVersion = 16.0.30204.135
MinimumVisualStudioVersion = 10.0.40219.1
Project("{FAE04EC0-301F-11D3-BF4B-00C04F79EFBC}") = "Online_Shop_ASP", "Online_Shop_ASP\Online_Shop_ASP.csproj", "{3B0E0DBC-BA69-4C19-923D-6094A7740C26}"
EndProject
Global
	GlobalSection(SolutionConfigurationPlatforms) = preSolution
		Debug|Any CPU = Debug|Any CPU
		Release|Any CPU = Release|Any CPU
	EndGlobalSection
	GlobalSection(ProjectConfigurationPlatforms) = postSolution
		{3B0E0DBC-BA69-4C19-923D-6094A7740C26}.Debug|Any CPU.ActiveCfg = Debug|Any CPU
		{3B0E0DBC-BA69-4C19-923D-6094A7740C26}.Debug|Any CPU.Build.0 = Debug|Any CPU
		{3B0E0DBC-BA69-4C19-923D-6094A7740C26}.Release|Any CPU.ActiveCfg = Release|Any CPU
		{3B0E0DBC-BA69-4C19-923D-6094A7740C26}.Release|Any CPU.Build.0 = Release|Any CPU
	EndGlobalSection
	GlobalSection(SolutionProperties) = preSolution
		HideSolutionNode = FALSE
	EndGlobalSection
	GlobalSection(ExtensibilityGlobals) = postSolution
		SolutionGuid = {95DB1CD1-169C-402B-BC4C-DC608EE046EC}
	EndGlobalSection
EndGlobal
